
Microsoft Visual Studio Solution File, Format Version 12.00
# Visual Studio Version 17
VisualStudioVersion = 17.8.34330.188
MinimumVisualStudioVersion = 10.0.40219.1
Project("{FAE04EC0-301F-11D3-BF4B-00C04F79EFBC}") = "ChallengeApp", "ChallengeApp\ChallengeApp.csproj", "{EB04B118-8C02-44C6-9A4F-D41067A9664E}"
EndProject
Global
	GlobalSection(SolutionConfigurationPlatforms) = preSolution
		Debug|Any CPU = Debug|Any CPU
		Release|Any CPU = Release|Any CPU
	EndGlobalSection
	GlobalSection(ProjectConfigurationPlatforms) = postSolution
		{EB04B118-8C02-44C6-9A4F-D41067A9664E}.Debug|Any CPU.ActiveCfg = Debug|Any CPU
		{EB04B118-8C02-44C6-9A4F-D41067A9664E}.Debug|Any CPU.Build.0 = Debug|Any CPU
		{EB04B118-8C02-44C6-9A4F-D41067A9664E}.Release|Any CPU.ActiveCfg = Release|Any CPU
		{EB04B118-8C02-44C6-9A4F-D41067A9664E}.Release|Any CPU.Build.0 = Release|Any CPU
	EndGlobalSection
	GlobalSection(SolutionProperties) = preSolution
		HideSolutionNode = FALSE
	EndGlobalSection
	GlobalSection(ExtensibilityGlobals) = postSolution
		SolutionGuid = {581FA794-1BD4-43C3-A622-C577EACF5FCD}
	EndGlobalSection
EndGlobal
